
Microsoft Visual Studio Solution File, Format Version 12.00
# Visual Studio 15
VisualStudioVersion = 15.0.26228.12
MinimumVisualStudioVersion = 10.0.40219.1
Project("{2150E333-8FDC-42A3-9474-1A3956D46DE8}") = "01 UI", "01 UI", "{5F53FFC8-BA3F-4CCA-B31A-BB2465198A5B}"
EndProject
Project("{2150E333-8FDC-42A3-9474-1A3956D46DE8}") = "02 Business", "02 Business", "{F803F7E7-2A8A-4F10-8AF1-2CF04612EE47}"
EndProject
Project("{2150E333-8FDC-42A3-9474-1A3956D46DE8}") = "03 Common", "03 Common", "{C671E28F-6836-423B-A57B-27565D3FB736}"
EndProject
Project("{2150E333-8FDC-42A3-9474-1A3956D46DE8}") = "99 Framework", "99 Framework", "{FD3671FB-7619-4666-8AB0-802067EA8786}"
EndProject
Project("{FAE04EC0-301F-11D3-BF4B-00C04F79EFBC}") = "Lib", "Lib\Lib.csproj", "{E3A12BB6-5F53-4D1A-946E-E3D4F5C82AEE}"
EndProject
Project("{FAE04EC0-301F-11D3-BF4B-00C04F79EFBC}") = "ADV.DB.Base", "ADV.DB.Base\ADV.DB.Base.csproj", "{8D3DD619-D7FA-43E1-9879-CFDDEFE05258}"
EndProject
Project("{FAE04EC0-301F-11D3-BF4B-00C04F79EFBC}") = "ADV.ORM.Extensions", "ADV.ORM.Extensions\ADV.ORM.Extensions.csproj", "{777279B1-9A1A-4F91-B33D-A220E320DE3C}"
EndProject
Project("{FAE04EC0-301F-11D3-BF4B-00C04F79EFBC}") = "ADV.Common", "Common\ADV.Common.csproj", "{E51217FA-DD57-477F-9A43-FB897D13C4EF}"
EndProject
Project("{FAE04EC0-301F-11D3-BF4B-00C04F79EFBC}") = "ADV.Infrastructure", "ADV.Infrastructure\ADV.Infrastructure.csproj", "{FCA84EFB-01CA-4596-BD69-EC0958154946}"
EndProject
Project("{FAE04EC0-301F-11D3-BF4B-00C04F79EFBC}") = "ADV.Util", "ADV.Util\ADV.Util.csproj", "{2D63D673-A7CB-43D9-88A8-1CAE4C3BAF60}"
EndProject
Project("{FAE04EC0-301F-11D3-BF4B-00C04F79EFBC}") = "ADV.Entity", "ADV.Entity\ADV.Entity.csproj", "{6F18883D-45F5-41EB-B89D-A874EA89E542}"
EndProject
Project("{FAE04EC0-301F-11D3-BF4B-00C04F79EFBC}") = "ADV.Service", "ADV.Service\ADV.Service.csproj", "{EE81E4EA-49B5-4C0F-BA23-738CF96AECB4}"
EndProject
Project("{FAE04EC0-301F-11D3-BF4B-00C04F79EFBC}") = "ADV.DB.Tools", "ADV.DB.Tools\ADV.DB.Tools.csproj", "{D93D5F1E-BF5D-405A-B2CA-BE5A0BFB1DC2}"
EndProject
Project("{FAE04EC0-301F-11D3-BF4B-00C04F79EFBC}") = "ADV", "ADV\ADV.csproj", "{5199F27A-AE2E-4CB3-8245-F8C49E8570AF}"
EndProject
Global
	GlobalSection(SolutionConfigurationPlatforms) = preSolution
		Debug|Any CPU = Debug|Any CPU
		Release|Any CPU = Release|Any CPU
	EndGlobalSection
	GlobalSection(ProjectConfigurationPlatforms) = postSolution
		{E3A12BB6-5F53-4D1A-946E-E3D4F5C82AEE}.Debug|Any CPU.ActiveCfg = Debug|Any CPU
		{E3A12BB6-5F53-4D1A-946E-E3D4F5C82AEE}.Debug|Any CPU.Build.0 = Debug|Any CPU
		{E3A12BB6-5F53-4D1A-946E-E3D4F5C82AEE}.Release|Any CPU.ActiveCfg = Release|Any CPU
		{E3A12BB6-5F53-4D1A-946E-E3D4F5C82AEE}.Release|Any CPU.Build.0 = Release|Any CPU
		{8D3DD619-D7FA-43E1-9879-CFDDEFE05258}.Debug|Any CPU.ActiveCfg = Debug|Any CPU
		{8D3DD619-D7FA-43E1-9879-CFDDEFE05258}.Debug|Any CPU.Build.0 = Debug|Any CPU
		{8D3DD619-D7FA-43E1-9879-CFDDEFE05258}.Release|Any CPU.ActiveCfg = Release|Any CPU
		{8D3DD619-D7FA-43E1-9879-CFDDEFE05258}.Release|Any CPU.Build.0 = Release|Any CPU
		{777279B1-9A1A-4F91-B33D-A220E320DE3C}.Debug|Any CPU.ActiveCfg = Debug|Any CPU
		{777279B1-9A1A-4F91-B33D-A220E320DE3C}.Debug|Any CPU.Build.0 = Debug|Any CPU
		{777279B1-9A1A-4F91-B33D-A220E320DE3C}.Release|Any CPU.ActiveCfg = Release|Any CPU
		{777279B1-9A1A-4F91-B33D-A220E320DE3C}.Release|Any CPU.Build.0 = Release|Any CPU
		{E51217FA-DD57-477F-9A43-FB897D13C4EF}.Debug|Any CPU.ActiveCfg = Debug|Any CPU
		{E51217FA-DD57-477F-9A43-FB897D13C4EF}.Debug|Any CPU.Build.0 = Debug|Any CPU
		{E51217FA-DD57-477F-9A43-FB897D13C4EF}.Release|Any CPU.ActiveCfg = Release|Any CPU
		{E51217FA-DD57-477F-9A43-FB897D13C4EF}.Release|Any CPU.Build.0 = Release|Any CPU
		{FCA84EFB-01CA-4596-BD69-EC0958154946}.Debug|Any CPU.ActiveCfg = Debug|Any CPU
		{FCA84EFB-01CA-4596-BD69-EC0958154946}.Debug|Any CPU.Build.0 = Debug|Any CPU
		{FCA84EFB-01CA-4596-BD69-EC0958154946}.Release|Any CPU.ActiveCfg = Release|Any CPU
		{FCA84EFB-01CA-4596-BD69-EC0958154946}.Release|Any CPU.Build.0 = Release|Any CPU
		{2D63D673-A7CB-43D9-88A8-1CAE4C3BAF60}.Debug|Any CPU.ActiveCfg = Debug|Any CPU
		{2D63D673-A7CB-43D9-88A8-1CAE4C3BAF60}.Debug|Any CPU.Build.0 = Debug|Any CPU
		{2D63D673-A7CB-43D9-88A8-1CAE4C3BAF60}.Release|Any CPU.ActiveCfg = Release|Any CPU
		{2D63D673-A7CB-43D9-88A8-1CAE4C3BAF60}.Release|Any CPU.Build.0 = Release|Any CPU
		{6F18883D-45F5-41EB-B89D-A874EA89E542}.Debug|Any CPU.ActiveCfg = Debug|Any CPU
		{6F18883D-45F5-41EB-B89D-A874EA89E542}.Debug|Any CPU.Build.0 = Debug|Any CPU
		{6F18883D-45F5-41EB-B89D-A874EA89E542}.Release|Any CPU.ActiveCfg = Release|Any CPU
		{6F18883D-45F5-41EB-B89D-A874EA89E542}.Release|Any CPU.Build.0 = Release|Any CPU
		{EE81E4EA-49B5-4C0F-BA23-738CF96AECB4}.Debug|Any CPU.ActiveCfg = Debug|Any CPU
		{EE81E4EA-49B5-4C0F-BA23-738CF96AECB4}.Debug|Any CPU.Build.0 = Debug|Any CPU
		{EE81E4EA-49B5-4C0F-BA23-738CF96AECB4}.Release|Any CPU.ActiveCfg = Release|Any CPU
		{EE81E4EA-49B5-4C0F-BA23-738CF96AECB4}.Release|Any CPU.Build.0 = Release|Any CPU
		{D93D5F1E-BF5D-405A-B2CA-BE5A0BFB1DC2}.Debug|Any CPU.ActiveCfg = Debug|Any CPU
		{D93D5F1E-BF5D-405A-B2CA-BE5A0BFB1DC2}.Debug|Any CPU.Build.0 = Debug|Any CPU
		{D93D5F1E-BF5D-405A-B2CA-BE5A0BFB1DC2}.Release|Any CPU.ActiveCfg = Release|Any CPU
		{D93D5F1E-BF5D-405A-B2CA-BE5A0BFB1DC2}.Release|Any CPU.Build.0 = Release|Any CPU
		{5199F27A-AE2E-4CB3-8245-F8C49E8570AF}.Debug|Any CPU.ActiveCfg = Debug|Any CPU
		{5199F27A-AE2E-4CB3-8245-F8C49E8570AF}.Debug|Any CPU.Build.0 = Debug|Any CPU
		{5199F27A-AE2E-4CB3-8245-F8C49E8570AF}.Release|Any CPU.ActiveCfg = Release|Any CPU
		{5199F27A-AE2E-4CB3-8245-F8C49E8570AF}.Release|Any CPU.Build.0 = Release|Any CPU
	EndGlobalSection
	GlobalSection(SolutionProperties) = preSolution
		HideSolutionNode = FALSE
	EndGlobalSection
	GlobalSection(NestedProjects) = preSolution
		{E3A12BB6-5F53-4D1A-946E-E3D4F5C82AEE} = {C671E28F-6836-423B-A57B-27565D3FB736}
		{8D3DD619-D7FA-43E1-9879-CFDDEFE05258} = {FD3671FB-7619-4666-8AB0-802067EA8786}
		{777279B1-9A1A-4F91-B33D-A220E320DE3C} = {FD3671FB-7619-4666-8AB0-802067EA8786}
		{E51217FA-DD57-477F-9A43-FB897D13C4EF} = {C671E28F-6836-423B-A57B-27565D3FB736}
		{FCA84EFB-01CA-4596-BD69-EC0958154946} = {C671E28F-6836-423B-A57B-27565D3FB736}
		{2D63D673-A7CB-43D9-88A8-1CAE4C3BAF60} = {C671E28F-6836-423B-A57B-27565D3FB736}
		{6F18883D-45F5-41EB-B89D-A874EA89E542} = {F803F7E7-2A8A-4F10-8AF1-2CF04612EE47}
		{EE81E4EA-49B5-4C0F-BA23-738CF96AECB4} = {F803F7E7-2A8A-4F10-8AF1-2CF04612EE47}
		{D93D5F1E-BF5D-405A-B2CA-BE5A0BFB1DC2} = {FD3671FB-7619-4666-8AB0-802067EA8786}
		{5199F27A-AE2E-4CB3-8245-F8C49E8570AF} = {5F53FFC8-BA3F-4CCA-B31A-BB2465198A5B}
	EndGlobalSection
EndGlobal
